
Microsoft Visual Studio Solution File, Format Version 12.00
# Visual Studio 2012
Project("{FAE04EC0-301F-11D3-BF4B-00C04F79EFBC}") = "IPCSystem", "IPCSystem\IPCSystem.csproj", "{38934C57-5FC9-4C3F-ACA3-FD3CC73C3EFE}"
EndProject
Global
	GlobalSection(SolutionConfigurationPlatforms) = preSolution
		Debug|Any CPU = Debug|Any CPU
		Release|Any CPU = Release|Any CPU
	EndGlobalSection
	GlobalSection(ProjectConfigurationPlatforms) = postSolution
		{38934C57-5FC9-4C3F-ACA3-FD3CC73C3EFE}.Debug|Any CPU.ActiveCfg = Debug|Any CPU
		{38934C57-5FC9-4C3F-ACA3-FD3CC73C3EFE}.Debug|Any CPU.Build.0 = Debug|Any CPU
		{38934C57-5FC9-4C3F-ACA3-FD3CC73C3EFE}.Release|Any CPU.ActiveCfg = Release|Any CPU
		{38934C57-5FC9-4C3F-ACA3-FD3CC73C3EFE}.Release|Any CPU.Build.0 = Release|Any CPU
	EndGlobalSection
	GlobalSection(SolutionProperties) = preSolution
		HideSolutionNode = FALSE
	EndGlobalSection
EndGlobal
